
Microsoft Visual Studio Solution File, Format Version 12.00
# Visual Studio Version 17
VisualStudioVersion = 17.5.33516.290
MinimumVisualStudioVersion = 10.0.40219.1
Project("{FAE04EC0-301F-11D3-BF4B-00C04F79EFBC}") = "HubServerConsoelApp", "HubServerConsoelApp\HubServerConsoelApp.csproj", "{DD648D5F-7CE1-4629-9C57-8C443CF404BC}"
EndProject
Project("{FAE04EC0-301F-11D3-BF4B-00C04F79EFBC}") = "ClientConsoleApp", "ClientConsoleApp\ClientConsoleApp.csproj", "{3C89CF2B-39BA-4C3B-AB66-083824A9D254}"
EndProject
Project("{FAE04EC0-301F-11D3-BF4B-00C04F79EFBC}") = "MVCClientApp", "MVCClientApp\MVCClientApp.csproj", "{3C01A01D-44C0-493F-A986-F311C5B65369}"
EndProject
Global
	GlobalSection(SolutionConfigurationPlatforms) = preSolution
		Debug|Any CPU = Debug|Any CPU
		Release|Any CPU = Release|Any CPU
	EndGlobalSection
	GlobalSection(ProjectConfigurationPlatforms) = postSolution
		{DD648D5F-7CE1-4629-9C57-8C443CF404BC}.Debug|Any CPU.ActiveCfg = Debug|Any CPU
		{DD648D5F-7CE1-4629-9C57-8C443CF404BC}.Debug|Any CPU.Build.0 = Debug|Any CPU
		{DD648D5F-7CE1-4629-9C57-8C443CF404BC}.Release|Any CPU.ActiveCfg = Release|Any CPU
		{DD648D5F-7CE1-4629-9C57-8C443CF404BC}.Release|Any CPU.Build.0 = Release|Any CPU
		{3C89CF2B-39BA-4C3B-AB66-083824A9D254}.Debug|Any CPU.ActiveCfg = Debug|Any CPU
		{3C89CF2B-39BA-4C3B-AB66-083824A9D254}.Debug|Any CPU.Build.0 = Debug|Any CPU
		{3C89CF2B-39BA-4C3B-AB66-083824A9D254}.Release|Any CPU.ActiveCfg = Release|Any CPU
		{3C89CF2B-39BA-4C3B-AB66-083824A9D254}.Release|Any CPU.Build.0 = Release|Any CPU
		{3C01A01D-44C0-493F-A986-F311C5B65369}.Debug|Any CPU.ActiveCfg = Debug|Any CPU
		{3C01A01D-44C0-493F-A986-F311C5B65369}.Debug|Any CPU.Build.0 = Debug|Any CPU
		{3C01A01D-44C0-493F-A986-F311C5B65369}.Release|Any CPU.ActiveCfg = Release|Any CPU
		{3C01A01D-44C0-493F-A986-F311C5B65369}.Release|Any CPU.Build.0 = Release|Any CPU
	EndGlobalSection
	GlobalSection(SolutionProperties) = preSolution
		HideSolutionNode = FALSE
	EndGlobalSection
	GlobalSection(ExtensibilityGlobals) = postSolution
		SolutionGuid = {25693544-45EF-4851-91FD-797EA990EBA7}
	EndGlobalSection
EndGlobal
